
Microsoft Visual Studio Solution File, Format Version 11.00
# Visual Studio 2010
Project("{8BC9CEB8-8B4A-11D0-8D11-00A0C91BC942}") = "GearFuncsDLL", "GearFuncsDLL\GearFuncsDLL.vcxproj", "{F56CA634-8078-4A01-83CE-CD14DD458909}"
EndProject
Project("{8BC9CEB8-8B4A-11D0-8D11-00A0C91BC942}") = "BicycleCalc", "BicycleCalc\BicycleCalc.vcxproj", "{BA86878E-5920-4636-A4D2-24F4324A8039}"
EndProject
Project("{8BC9CEB8-8B4A-11D0-8D11-00A0C91BC942}") = "BicycleCalculator", "BicycleCalculator\BicycleCalculator.vcxproj", "{120AF6D5-4A30-4BCD-9204-A1BEA4B86FA3}"
EndProject
Global
	GlobalSection(SolutionConfigurationPlatforms) = preSolution
		Debug|Win32 = Debug|Win32
		Release|Win32 = Release|Win32
	EndGlobalSection
	GlobalSection(ProjectConfigurationPlatforms) = postSolution
		{F56CA634-8078-4A01-83CE-CD14DD458909}.Debug|Win32.ActiveCfg = Debug|Win32
		{F56CA634-8078-4A01-83CE-CD14DD458909}.Debug|Win32.Build.0 = Debug|Win32
		{F56CA634-8078-4A01-83CE-CD14DD458909}.Release|Win32.ActiveCfg = Release|Win32
		{F56CA634-8078-4A01-83CE-CD14DD458909}.Release|Win32.Build.0 = Release|Win32
		{BA86878E-5920-4636-A4D2-24F4324A8039}.Debug|Win32.ActiveCfg = Debug|Win32
		{BA86878E-5920-4636-A4D2-24F4324A8039}.Debug|Win32.Build.0 = Debug|Win32
		{BA86878E-5920-4636-A4D2-24F4324A8039}.Release|Win32.ActiveCfg = Release|Win32
		{BA86878E-5920-4636-A4D2-24F4324A8039}.Release|Win32.Build.0 = Release|Win32
		{120AF6D5-4A30-4BCD-9204-A1BEA4B86FA3}.Debug|Win32.ActiveCfg = Debug|Win32
		{120AF6D5-4A30-4BCD-9204-A1BEA4B86FA3}.Debug|Win32.Build.0 = Debug|Win32
		{120AF6D5-4A30-4BCD-9204-A1BEA4B86FA3}.Release|Win32.ActiveCfg = Release|Win32
		{120AF6D5-4A30-4BCD-9204-A1BEA4B86FA3}.Release|Win32.Build.0 = Release|Win32
	EndGlobalSection
	GlobalSection(SolutionProperties) = preSolution
		HideSolutionNode = FALSE
	EndGlobalSection
EndGlobal
